{
    "_readme": [
        "This file locks the dependencies of your project to a known state",
        "Read more about it at https://getcomposer.org/doc/01-basic-usage.md#installing-dependencies",
        "This file is @generated automatically"
    ],
    "content-hash": "054954b97b4e13c495953a62f39113f1",
    "packages": [
        {
            "name": "lettuce/lettuce",
            "version": "v2.0.0",
            "source": {
                "type": "git",
                "url": "git@github.com:shawndempsey/dependencies-lettuce.git",
                "reference": "f57af285cc8e0f6345e8bebb113ac07e4c3f35ac"
            },
            "dist": {
                "type": "zip",
                "url": "https://api.github.com/repos/shawndempsey/dependencies-lettuce/zipball/f57af285cc8e0f6345e8bebb113ac07e4c3f35ac",
                "reference": "f57af285cc8e0f6345e8bebb113ac07e4c3f35ac",
                "shasum": ""
            },
            "type": "library",
            "autoload": {
                "psr-4": {
                    "Lettuce\\": "src/"
                }
            },
            "support": {
                "source": "https://github.com/shawndempsey/dependencies-lettuce/tree/v2.0.0",
                "issues": "https://github.com/shawndempsey/dependencies-lettuce/issues"
            },
            "time": "2022-08-13T16:56:01+00:00"
        }
    ],
    "packages-dev": [],
    "aliases": [],
    "minimum-stability": "stable",
    "stability-flags": [],
    "prefer-stable": false,
    "prefer-lowest": false,
    "platform": [],
    "platform-dev": [],
    "plugin-api-version": "2.3.0"
}
